Microsoft Visual Studio Solution File, Format Version 12.00
# Visual Studio Version 16
VisualStudioVersion = 16.0.34031.81
MinimumVisualStudioVersion = 10.0.40219.1
Project("{FAE04EC0-301F-11D3-BF4B-00C04F79EFBC}") = "TH-UV98", "TH-UV98.csproj", "{D308FBA9-3D90-4D50-A747-1EEC0883EA84}"
EndProject
Global
	GlobalSection(SolutionConfigurationPlatforms) = preSolution
		Debug|Any CPU = Debug|Any CPU
		Release|Any CPU = Release|Any CPU
	EndGlobalSection
	GlobalSection(ProjectConfigurationPlatforms) = postSolution
		{D308FBA9-3D90-4D50-A747-1EEC0883EA84}.Debug|Any CPU.ActiveCfg = Debug|Any CPU
		{D308FBA9-3D90-4D50-A747-1EEC0883EA84}.Debug|Any CPU.Build.0 = Debug|Any CPU
		{D308FBA9-3D90-4D50-A747-1EEC0883EA84}.Release|Any CPU.ActiveCfg = Release|Any CPU
		{D308FBA9-3D90-4D50-A747-1EEC0883EA84}.Release|Any CPU.Build.0 = Release|Any CPU
	EndGlobalSection
	GlobalSection(SolutionProperties) = preSolution
		HideSolutionNode = FALSE
	EndGlobalSection
	GlobalSection(ExtensibilityGlobals) = postSolution
		SolutionGuid = {BFA3D0EA-AE0D-4B3D-8C4C-723067BD6866}
	EndGlobalSection
EndGlobal
